{
  "lockfile_version": "1",
  "packages": {
    "bundler@2.7": {
      "last_modified": "2025-09-18T16:33:27Z",
      "resolved": "github:NixOS/nixpkgs/f4b140d5b253f5e2a1ff4e5506edbf8267724bde#bundler",
      "source": "devbox-search",
      "version": "2.7.1",
      "systems": {
        "aarch64-darwin": {
          "outputs": [
            {
              "name": "out",
              "path": "/nix/store/vml04alk2sra0aix4b3p5pzskx300zpv-bundler-2.7.1",
              "default": true
            }
          ],
          "store_path": "/nix/store/vml04alk2sra0aix4b3p5pzskx300zpv-bundler-2.7.1"
        },
        "aarch64-linux": {
          "outputs": [
            {
              "name": "out",
              "path": "/nix/store/zymy0yphzivcd3dyj3mskp2d1pscb547-bundler-2.7.1",
              "default": true
            }
          ],
          "store_path": "/nix/store/zymy0yphzivcd3dyj3mskp2d1pscb547-bundler-2.7.1"
        },
        "x86_64-darwin": {
          "outputs": [
            {
              "name": "out",
              "path": "/nix/store/1hzm7kvp4kkgg8nzdp19vcb0d7hzgfcy-bundler-2.7.1",
              "default": true
            }
          ],
          "store_path": "/nix/store/1hzm7kvp4kkgg8nzdp19vcb0d7hzgfcy-bundler-2.7.1"
        },
        "x86_64-linux": {
          "outputs": [
            {
              "name": "out",
              "path": "/nix/store/p9vgmbz70vclpcrx8rl3qdfzhp3p0lfc-bundler-2.7.1",
              "default": true
            }
          ],
          "store_path": "/nix/store/p9vgmbz70vclpcrx8rl3qdfzhp3p0lfc-bundler-2.7.1"
        }
      }
    },
    "github:NixOS/nixpkgs/nixpkgs-unstable": {
      "last_modified": "2025-09-25T01:21:52Z",
      "resolved": "github:NixOS/nixpkgs/e57b3b16ad8758fd681511a078f35c416a8cc939?lastModified=1758763312&narHash=sha256-puBMviZhYlqOdUUgEmMVJpXqC%2FToEqSvkyZ30qQ09xM%3D"
    },
    "libyaml@latest": {
      "last_modified": "2025-09-18T16:33:27Z",
      "resolved": "github:NixOS/nixpkgs/f4b140d5b253f5e2a1ff4e5506edbf8267724bde#libyaml",
      "source": "devbox-search",
      "version": "0.2.5",
      "systems": {
        "aarch64-darwin": {
          "outputs": [
            {
              "name": "out",
              "path": "/nix/store/9m9h3bs4nxibpv3qss4gzl9qhn7fdrhg-libyaml-0.2.5",
              "default": true
            },
            {
              "name": "dev",
              "path": "/nix/store/alv50py6jqrpjs41i6c3a6g9kmwg7ng3-libyaml-0.2.5-dev"
            }
          ],
          "store_path": "/nix/store/9m9h3bs4nxibpv3qss4gzl9qhn7fdrhg-libyaml-0.2.5"
        },
        "aarch64-linux": {
          "outputs": [
            {
              "name": "out",
              "path": "/nix/store/wmdfyp1w1032zdw17ifh6ki4x125546s-libyaml-0.2.5",
              "default": true
            },
            {
              "name": "dev",
              "path": "/nix/store/nb8wdgf1rbbmakp3z8vz5qawwnsh775c-libyaml-0.2.5-dev"
            }
          ],
          "store_path": "/nix/store/wmdfyp1w1032zdw17ifh6ki4x125546s-libyaml-0.2.5"
        },
        "x86_64-darwin": {
          "outputs": [
            {
              "name": "out",
              "path": "/nix/store/id8zfkklgwy9b61cjs2m01fmrg7549b8-libyaml-0.2.5",
              "default": true
            },
            {
              "name": "dev",
              "path": "/nix/store/9xv2d8hjf67fg3q7bxjgqrzx8m9dfzr5-libyaml-0.2.5-dev"
            }
          ],
          "store_path": "/nix/store/id8zfkklgwy9b61cjs2m01fmrg7549b8-libyaml-0.2.5"
        },
        "x86_64-linux": {
          "outputs": [
            {
              "name": "out",
              "path": "/nix/store/gyw5srqpib1mxn0adqwxjk0cx0bm6b5s-libyaml-0.2.5",
              "default": true
            },
            {
              "name": "dev",
              "path": "/nix/store/9znggncplwn7dard3vzw0k41x579cdh1-libyaml-0.2.5-dev"
            }
          ],
          "store_path": "/nix/store/gyw5srqpib1mxn0adqwxjk0cx0bm6b5s-libyaml-0.2.5"
        }
      }
    },
    "nodejs@latest": {
      "last_modified": "2025-09-18T16:33:27Z",
      "plugin_version": "0.0.2",
      "resolved": "github:NixOS/nixpkgs/f4b140d5b253f5e2a1ff4e5506edbf8267724bde#nodejs_24",
      "source": "devbox-search",
      "version": "24.8.0",
      "systems": {
        "aarch64-darwin": {
          "outputs": [
            {
              "name": "out",
              "path": "/nix/store/cj8hvq7sqpsvjk7119w0w41sfp9606wx-nodejs-24.8.0",
              "default": true
            },
            {
              "name": "dev",
              "path": "/nix/store/smybrnlm3kfrfd03nsp01j3s25rjcn32-nodejs-24.8.0-dev"
            },
            {
              "name": "libv8",
              "path": "/nix/store/82fl9py60ms063fl5g98h9qi2c9zna9a-nodejs-24.8.0-libv8"
            }
          ],
          "store_path": "/nix/store/cj8hvq7sqpsvjk7119w0w41sfp9606wx-nodejs-24.8.0"
        },
        "aarch64-linux": {
          "outputs": [
            {
              "name": "out",
              "path": "/nix/store/855hdyp45b2k7dksv259w3m8fifcccz1-nodejs-24.8.0",
              "default": true
            },
            {
              "name": "dev",
              "path": "/nix/store/phz4mj4y3mdakkrp5334yppgs8lkkbhh-nodejs-24.8.0-dev"
            },
            {
              "name": "libv8",
              "path": "/nix/store/bmf3w1wdxbs63vmn71pi2icwfnimzx4z-nodejs-24.8.0-libv8"
            }
          ],
          "store_path": "/nix/store/855hdyp45b2k7dksv259w3m8fifcccz1-nodejs-24.8.0"
        },
        "x86_64-darwin": {
          "outputs": [
            {
              "name": "out",
              "path": "/nix/store/dzrcn8s95bfqigvyv4snpmbzlww4jb7v-nodejs-24.8.0",
              "default": true
            },
            {
              "name": "dev",
              "path": "/nix/store/b8whzzkhaxi31ysx8wdx50vzv01jcqzb-nodejs-24.8.0-dev"
            },
            {
              "name": "libv8",
              "path": "/nix/store/dhslzl533ik0maj8jiyl8rmsyv5iahig-nodejs-24.8.0-libv8"
            }
          ],
          "store_path": "/nix/store/dzrcn8s95bfqigvyv4snpmbzlww4jb7v-nodejs-24.8.0"
        },
        "x86_64-linux": {
          "outputs": [
            {
              "name": "out",
              "path": "/nix/store/a83yhhb3dibglaj5s80pxsr19s05d071-nodejs-24.8.0",
              "default": true
            },
            {
              "name": "dev",
              "path": "/nix/store/ggmz3g3yw7g5sv4j5f9lij3hxmdl2rai-nodejs-24.8.0-dev"
            },
            {
              "name": "libv8",
              "path": "/nix/store/9qhkgknw40n8kwcd5g5pw8fm0lbsd44q-nodejs-24.8.0-libv8"
            }
          ],
          "store_path": "/nix/store/a83yhhb3dibglaj5s80pxsr19s05d071-nodejs-24.8.0"
        }
      }
    },
    "openssl@latest": {
      "last_modified": "2025-09-21T09:21:16Z",
      "resolved": "github:NixOS/nixpkgs/a1f79a1770d05af18111fbbe2a3ab2c42c0f6cd0#openssl",
      "source": "devbox-search",
      "version": "3.5.1",
      "systems": {
        "aarch64-darwin": {
          "outputs": [
            {
              "name": "bin",
              "path": "/nix/store/bpawzvf8z4yjmwr3zc7haxhv99sl8s2a-openssl-3.5.1-bin",
              "default": true
            },
            {
              "name": "man",
              "path": "/nix/store/2jh1wcwhjylfxzly4hbb5fz55b1lxxm5-openssl-3.5.1-man",
              "default": true
            },
            {
              "name": "doc",
              "path": "/nix/store/69p0m85qi4rw0ka8jqciba0p9q3140b0-openssl-3.5.1-doc"
            },
            {
              "name": "out",
              "path": "/nix/store/0ais7wnqw8xzj0331c2jka53s6g14wqb-openssl-3.5.1"
            },
            {
              "name": "dev",
              "path": "/nix/store/4fwifkd3zn4m6y7zacyhpwy5frj63knk-openssl-3.5.1-dev"
            }
          ],
          "store_path": "/nix/store/bpawzvf8z4yjmwr3zc7haxhv99sl8s2a-openssl-3.5.1-bin"
        },
        "aarch64-linux": {
          "outputs": [
            {
              "name": "bin",
              "path": "/nix/store/4zzrcin7jdph1ybm7pkwlypv4khmqgf3-openssl-3.5.1-bin",
              "default": true
            },
            {
              "name": "man",
              "path": "/nix/store/slgd9x3x372g5bm73qbijj41rqb560fd-openssl-3.5.1-man",
              "default": true
            },
            {
              "name": "out",
              "path": "/nix/store/rzlvprd99wlbiv2wsqgp23kmxhkm1yfr-openssl-3.5.1"
            },
            {
              "name": "debug",
              "path": "/nix/store/n0r6fn7sd0bvmpwm8s5nlmm626jilcra-openssl-3.5.1-debug"
            },
            {
              "name": "dev",
              "path": "/nix/store/hg5ryywl9xqg82kvzwvqkx4m2yckkdsg-openssl-3.5.1-dev"
            },
            {
              "name": "doc",
              "path": "/nix/store/91mrccm5jwv94w8lvh7c0wf0cygj0yal-openssl-3.5.1-doc"
            }
          ],
          "store_path": "/nix/store/4zzrcin7jdph1ybm7pkwlypv4khmqgf3-openssl-3.5.1-bin"
        },
        "x86_64-darwin": {
          "outputs": [
            {
              "name": "bin",
              "path": "/nix/store/4w92hq61lhdzin9mkvzlxvd603pgwm9w-openssl-3.5.1-bin",
              "default": true
            },
            {
              "name": "man",
              "path": "/nix/store/h59wasb1qrmvsgz79bl0sqnrhx0vccha-openssl-3.5.1-man",
              "default": true
            },
            {
              "name": "dev",
              "path": "/nix/store/63827r05nfpr7bg23zpivb9sn33cshy4-openssl-3.5.1-dev"
            },
            {
              "name": "doc",
              "path": "/nix/store/3kbg9sqs4i8j7rkr6q7gb25c0bjqylyr-openssl-3.5.1-doc"
            },
            {
              "name": "out",
              "path": "/nix/store/v3cq87zwjd4f91y0i1023kkb9wvwc71z-openssl-3.5.1"
            }
          ],
          "store_path": "/nix/store/4w92hq61lhdzin9mkvzlxvd603pgwm9w-openssl-3.5.1-bin"
        },
        "x86_64-linux": {
          "outputs": [
            {
              "name": "bin",
              "path": "/nix/store/nn4b544v4sanvsf22mjiw3qh8mwh6pzh-openssl-3.5.1-bin",
              "default": true
            },
            {
              "name": "man",
              "path": "/nix/store/kmyzbfp60f9b85lhpr3njswxlm76b0av-openssl-3.5.1-man",
              "default": true
            },
            {
              "name": "doc",
              "path": "/nix/store/g9nxr4sig9dkhfvgc0ma1qb6fs3xm5dn-openssl-3.5.1-doc"
            },
            {
              "name": "out",
              "path": "/nix/store/gi615r79j260ihhzdkhrg6qva9wfrbyy-openssl-3.5.1"
            },
            {
              "name": "debug",
              "path": "/nix/store/rj7yspi9mw9zcbma7v3h2zbh03bkjb82-openssl-3.5.1-debug"
            },
            {
              "name": "dev",
              "path": "/nix/store/qqfiw89h8j4pilcyqapldzq5vf0vqgxy-openssl-3.5.1-dev"
            }
          ],
          "store_path": "/nix/store/nn4b544v4sanvsf22mjiw3qh8mwh6pzh-openssl-3.5.1-bin"
        }
      }
    },
    "pkg-config@latest": {
      "last_modified": "2025-09-18T16:33:27Z",
      "resolved": "github:NixOS/nixpkgs/f4b140d5b253f5e2a1ff4e5506edbf8267724bde#pkg-config",
      "source": "devbox-search",
      "version": "0.29.2",
      "systems": {
        "aarch64-darwin": {
          "outputs": [
            {
              "name": "out",
              "path": "/nix/store/yc7mj2h6kh2cm4h61v57c5qmycaq4x2z-pkg-config-wrapper-0.29.2",
              "default": true
            },
            {
              "name": "man",
              "path": "/nix/store/r6x4gpvw55ymlg0ydja45y51sswd7l02-pkg-config-wrapper-0.29.2-man",
              "default": true
            },
            {
              "name": "doc",
              "path": "/nix/store/q2jppw401lp8jb37qsylzgyiqsarkbc6-pkg-config-wrapper-0.29.2-doc"
            }
          ],
          "store_path": "/nix/store/yc7mj2h6kh2cm4h61v57c5qmycaq4x2z-pkg-config-wrapper-0.29.2"
        },
        "aarch64-linux": {
          "outputs": [
            {
              "name": "out",
              "path": "/nix/store/gbpsba382jc93zzvwkiqkwrgdfvjr2s0-pkg-config-wrapper-0.29.2",
              "default": true
            },
            {
              "name": "man",
              "path": "/nix/store/z3snkc308vvd71rpjzqnw1wmsw3jfwvg-pkg-config-wrapper-0.29.2-man",
              "default": true
            },
            {
              "name": "doc",
              "path": "/nix/store/2yz6sk7bhph65d9yi1vzhr224l1w6c46-pkg-config-wrapper-0.29.2-doc"
            }
          ],
          "store_path": "/nix/store/gbpsba382jc93zzvwkiqkwrgdfvjr2s0-pkg-config-wrapper-0.29.2"
        },
        "x86_64-darwin": {
          "outputs": [
            {
              "name": "out",
              "path": "/nix/store/za7iazvgg64cs4gmshnk540mjf5yxm9f-pkg-config-wrapper-0.29.2",
              "default": true
            },
            {
              "name": "man",
              "path": "/nix/store/07sqw1xpw1gznq4xaf6z1rzr4a0n80ds-pkg-config-wrapper-0.29.2-man",
              "default": true
            },
            {
              "name": "doc",
              "path": "/nix/store/6rv8pn0v4rs6sml3j85q27zli4kwx8y0-pkg-config-wrapper-0.29.2-doc"
            }
          ],
          "store_path": "/nix/store/za7iazvgg64cs4gmshnk540mjf5yxm9f-pkg-config-wrapper-0.29.2"
        },
        "x86_64-linux": {
          "outputs": [
            {
              "name": "out",
              "path": "/nix/store/05h9vfzhqf7l6w1xczixici2ldw9y788-pkg-config-wrapper-0.29.2",
              "default": true
            },
            {
              "name": "man",
              "path": "/nix/store/4acmnq9dq7zd6rbpi3wigrkflxjcnr1c-pkg-config-wrapper-0.29.2-man",
              "default": true
            },
            {
              "name": "doc",
              "path": "/nix/store/68zbqzd61ciynfa9jx3gm9ncfy4z22sa-pkg-config-wrapper-0.29.2-doc"
            }
          ],
          "store_path": "/nix/store/05h9vfzhqf7l6w1xczixici2ldw9y788-pkg-config-wrapper-0.29.2"
        }
      }
    },
    "postgresql@latest": {
      "last_modified": "2025-09-21T09:21:16Z",
      "plugin_version": "0.0.2",
      "resolved": "github:NixOS/nixpkgs/a1f79a1770d05af18111fbbe2a3ab2c42c0f6cd0#postgresql",
      "source": "devbox-search",
      "version": "17.6",
      "systems": {
        "aarch64-darwin": {
          "outputs": [
            {
              "name": "out",
              "path": "/nix/store/x8316kdj4hvr90zww4fzrh6iqbp2fwfv-postgresql-17.6",
              "default": true
            },
            {
              "name": "man",
              "path": "/nix/store/s8fy60163fvin1rypqp49xff5vfq8pc1-postgresql-17.6-man",
              "default": true
            },
            {
              "name": "dev",
              "path": "/nix/store/kdsy2qhdaj0drwv7bjlqrq8iwg7am4pm-postgresql-17.6-dev"
            },
            {
              "name": "plpython3",
              "path": "/nix/store/k52nrq2chmf9bcsgdl5xdxigi43cb641-postgresql-17.6-plpython3"
            },
            {
              "name": "pltcl",
              "path": "/nix/store/95s1q5ybh6g7rff0sb77963rxmzl07hb-postgresql-17.6-pltcl"
            },
            {
              "name": "doc",
              "path": "/nix/store/p598qxn9a6czkawqica9aglgpi7qk602-postgresql-17.6-doc"
            },
            {
              "name": "lib",
              "path": "/nix/store/8jvg8lb3r1r4g7fchvn71kigclgj93ss-postgresql-17.6-lib"
            },
            {
              "name": "jit",
              "path": "/nix/store/hhwgaaprw190fd4lan9c1jcayni005mc-postgresql-17.6-jit"
            },
            {
              "name": "plperl",
              "path": "/nix/store/7i8fin94kv6bsil9yfws868kfn8dsfk5-postgresql-17.6-plperl"
            }
          ],
          "store_path": "/nix/store/x8316kdj4hvr90zww4fzrh6iqbp2fwfv-postgresql-17.6"
        },
        "aarch64-linux": {
          "outputs": [
            {
              "name": "out",
              "path": "/nix/store/zdmrsczynsanljim77c5fhmlgf8lnqgr-postgresql-17.6",
              "default": true
            },
            {
              "name": "man",
              "path": "/nix/store/izkz6kkch9br4rcn3jzijds6galnswmj-postgresql-17.6-man",
              "default": true
            },
            {
              "name": "plpython3",
              "path": "/nix/store/4539wyz2xpa70ihhbsfbizqj2a4nb0qi-postgresql-17.6-plpython3"
            },
            {
              "name": "plperl",
              "path": "/nix/store/89plna3bfrlihpdl6h1nif7488j4lycw-postgresql-17.6-plperl"
            },
            {
              "name": "debug",
              "path": "/nix/store/661ssr2ma5jah0ifj0ca3pjhxz8fmgv8-postgresql-17.6-debug"
            },
            {
              "name": "dev",
              "path": "/nix/store/w9d09r1ziky5yjdpq0fb0lkpm93db6rv-postgresql-17.6-dev"
            },
            {
              "name": "jit",
              "path": "/nix/store/w856mf7gc0y81jsjppm77ww9k7l04dm6-postgresql-17.6-jit"
            },
            {
              "name": "lib",
              "path": "/nix/store/b2l7jsirdac28nsih5y1y2i6ml7khlbh-postgresql-17.6-lib"
            },
            {
              "name": "doc",
              "path": "/nix/store/bfgv1xi0r72hwy7sg2syz9mvrmm1iq6a-postgresql-17.6-doc"
            },
            {
              "name": "pltcl",
              "path": "/nix/store/kbxy78mf481232li36wvfcl2749xqlb1-postgresql-17.6-pltcl"
            }
          ],
          "store_path": "/nix/store/zdmrsczynsanljim77c5fhmlgf8lnqgr-postgresql-17.6"
        },
        "x86_64-darwin": {
          "outputs": [
            {
              "name": "out",
              "path": "/nix/store/hfq4hh6nji29lrkd2d2h499s4rnfjvxr-postgresql-17.6",
              "default": true
            },
            {
              "name": "man",
              "path": "/nix/store/iv7n6gfg8vfjghhsnc8szdpx8nljnwjr-postgresql-17.6-man",
              "default": true
            },
            {
              "name": "lib",
              "path": "/nix/store/nigqc3d59kp0mlknain2ywd1kxzhh84a-postgresql-17.6-lib"
            },
            {
              "name": "plperl",
              "path": "/nix/store/4ywicb8zvp2qv0wslisgh9khd3f3mq8y-postgresql-17.6-plperl"
            },
            {
              "name": "plpython3",
              "path": "/nix/store/fxiq5vdvb7zamdj467dn4i5jgfvwcdj3-postgresql-17.6-plpython3"
            },
            {
              "name": "pltcl",
              "path": "/nix/store/zixqyfqp3df8cjxrggyv24r2mn6q03q4-postgresql-17.6-pltcl"
            },
            {
              "name": "dev",
              "path": "/nix/store/1ln3lngxzr913r6nh3qj605x82ijc5r7-postgresql-17.6-dev"
            },
            {
              "name": "jit",
              "path": "/nix/store/rvjip61mh1a2llmhwgrd08hvsbcnb59j-postgresql-17.6-jit"
            },
            {
              "name": "doc",
              "path": "/nix/store/s6gdj1jblsimi551jaw9a0ab3r6208sl-postgresql-17.6-doc"
            }
          ],
          "store_path": "/nix/store/hfq4hh6nji29lrkd2d2h499s4rnfjvxr-postgresql-17.6"
        },
        "x86_64-linux": {
          "outputs": [
            {
              "name": "out",
              "path": "/nix/store/jq2kbdw6ljv9i47jz23pm072cfyxwpfj-postgresql-17.6",
              "default": true
            },
            {
              "name": "man",
              "path": "/nix/store/z2s4zb4kxh80v7npbin8pv27vjf5fc4k-postgresql-17.6-man",
              "default": true
            },
            {
              "name": "dev",
              "path": "/nix/store/l8m7mbvqxdi9bd5apl8s49kjpnzrcv6c-postgresql-17.6-dev"
            },
            {
              "name": "doc",
              "path": "/nix/store/dg0cwp756r82crxmdv8vzq7d7kjzi4qi-postgresql-17.6-doc"
            },
            {
              "name": "plperl",
              "path": "/nix/store/cq3zxs5dw2xy0hib0fpi70k4kack640z-postgresql-17.6-plperl"
            },
            {
              "name": "debug",
              "path": "/nix/store/hzkqv89nrdz00npy3r5ly7hi8iq6i9s4-postgresql-17.6-debug"
            },
            {
              "name": "jit",
              "path": "/nix/store/w6f1f7dxai435w963fzifbf14kxbv5s3-postgresql-17.6-jit"
            },
            {
              "name": "lib",
              "path": "/nix/store/msjxcqa4x2f52dyq10rbrbw6k0m0hi90-postgresql-17.6-lib"
            },
            {
              "name": "plpython3",
              "path": "/nix/store/sjb555ik5jrrk2gllpgcdmvwxhj5kv1v-postgresql-17.6-plpython3"
            },
            {
              "name": "pltcl",
              "path": "/nix/store/0w5sqnpakfk7qfm1yfbkwajz75pha4qj-postgresql-17.6-pltcl"
            }
          ],
          "store_path": "/nix/store/jq2kbdw6ljv9i47jz23pm072cfyxwpfj-postgresql-17.6"
        }
      }
    },
    "readline@latest": {
      "last_modified": "2025-09-21T09:21:16Z",
      "resolved": "github:NixOS/nixpkgs/a1f79a1770d05af18111fbbe2a3ab2c42c0f6cd0#readline",
      "source": "devbox-search",
      "version": "8.3p1",
      "systems": {
        "aarch64-darwin": {
          "outputs": [
            {
              "name": "out",
              "path": "/nix/store/cc040r4dq636j6criffnmi6nk98pmfn8-readline-8.3p1",
              "default": true
            },
            {
              "name": "man",
              "path": "/nix/store/979sgi003rch2znwmj48qcls380hvyvk-readline-8.3p1-man",
              "default": true
            },
            {
              "name": "doc",
              "path": "/nix/store/win7fmk6a3vj1bykpb54bmcwq3fj7gqy-readline-8.3p1-doc"
            },
            {
              "name": "info",
              "path": "/nix/store/z8y4x2anixg9z0vm4xznx2p1zzmd0j15-readline-8.3p1-info"
            },
            {
              "name": "dev",
              "path": "/nix/store/l7hn2rb7f1pbpg9x4dq9ld94msj2sz2y-readline-8.3p1-dev"
            }
          ],
          "store_path": "/nix/store/cc040r4dq636j6criffnmi6nk98pmfn8-readline-8.3p1"
        },
        "aarch64-linux": {
          "outputs": [
            {
              "name": "out",
              "path": "/nix/store/2q5ipx9jd596qi21ib3x87qj4ln0yhp5-readline-8.3p1",
              "default": true
            },
            {
              "name": "man",
              "path": "/nix/store/ckpw4rw3450wk1irwdizzjmbig9figvr-readline-8.3p1-man",
              "default": true
            },
            {
              "name": "info",
              "path": "/nix/store/316b5g9822synnm2j08shzflyhfrlkpd-readline-8.3p1-info"
            },
            {
              "name": "dev",
              "path": "/nix/store/9qcw21bkr8napay1zxh5y1alqmyq1pgl-readline-8.3p1-dev"
            },
            {
              "name": "doc",
              "path": "/nix/store/msaakzk869010pa1y4bassyhvc07vvws-readline-8.3p1-doc"
            }
          ],
          "store_path": "/nix/store/2q5ipx9jd596qi21ib3x87qj4ln0yhp5-readline-8.3p1"
        },
        "x86_64-darwin": {
          "outputs": [
            {
              "name": "out",
              "path": "/nix/store/p4yhx0843d59fdikmlzwm5kpz2njbgj4-readline-8.3p1",
              "default": true
            },
            {
              "name": "man",
              "path": "/nix/store/z8p1in2wi3in1xfmpavdrg148f5kh272-readline-8.3p1-man",
              "default": true
            },
            {
              "name": "dev",
              "path": "/nix/store/x24f7cdl6l628fzbjlmlindm5z2zbafj-readline-8.3p1-dev"
            },
            {
              "name": "doc",
              "path": "/nix/store/7piz8chq49z7x9vz96a4cxrxi7lfnpkr-readline-8.3p1-doc"
            },
            {
              "name": "info",
              "path": "/nix/store/ivgh3ffbxl42gn90jx0mywqxx9p0d5r5-readline-8.3p1-info"
            }
          ],
          "store_path": "/nix/store/p4yhx0843d59fdikmlzwm5kpz2njbgj4-readline-8.3p1"
        },
        "x86_64-linux": {
          "outputs": [
            {
              "name": "out",
              "path": "/nix/store/qiir04g2blvd7nzw501v8h44w4qjyzj2-readline-8.3p1",
              "default": true
            },
            {
              "name": "man",
              "path": "/nix/store/bvavnmghkyvn1mi6b7jbzxg33ifdqrwh-readline-8.3p1-man",
              "default": true
            },
            {
              "name": "dev",
              "path": "/nix/store/xkl7b7vd4d91ra6i49n3myp66kffda8v-readline-8.3p1-dev"
            },
            {
              "name": "doc",
              "path": "/nix/store/9k83ppgqyyp08h5cdkk8lclg70i8b9h2-readline-8.3p1-doc"
            },
            {
              "name": "info",
              "path": "/nix/store/c6b6aj7f9fcrw35j8zzir41kpz4yjq4y-readline-8.3p1-info"
            }
          ],
          "store_path": "/nix/store/qiir04g2blvd7nzw501v8h44w4qjyzj2-readline-8.3p1"
        }
      }
    },
    "ruby@3.3": {
      "last_modified": "2025-09-18T16:33:27Z",
      "plugin_version": "0.0.2",
      "resolved": "github:NixOS/nixpkgs/f4b140d5b253f5e2a1ff4e5506edbf8267724bde#ruby",
      "source": "devbox-search",
      "version": "3.3.9",
      "systems": {
        "aarch64-darwin": {
          "outputs": [
            {
              "name": "out",
              "path": "/nix/store/b2jray7ww0d2640z53kdzs5kpp9m3zh7-ruby-3.3.9",
              "default": true
            },
            {
              "name": "devdoc",
              "path": "/nix/store/c87jvm51yx1wyabjcmlfncrx24j48n1z-ruby-3.3.9-devdoc"
            }
          ],
          "store_path": "/nix/store/b2jray7ww0d2640z53kdzs5kpp9m3zh7-ruby-3.3.9"
        },
        "aarch64-linux": {
          "outputs": [
            {
              "name": "out",
              "path": "/nix/store/6avvhisrha25x9p438lhq0pln019bc7q-ruby-3.3.9",
              "default": true
            },
            {
              "name": "devdoc",
              "path": "/nix/store/izqvjzd7nmh7yjwkdsi95kc9bjf34mwp-ruby-3.3.9-devdoc"
            }
          ],
          "store_path": "/nix/store/6avvhisrha25x9p438lhq0pln019bc7q-ruby-3.3.9"
        },
        "x86_64-darwin": {
          "outputs": [
            {
              "name": "out",
              "path": "/nix/store/54iz5i3x0m6x3brr9dfy2pj92qfr2lkn-ruby-3.3.9",
              "default": true
            },
            {
              "name": "devdoc",
              "path": "/nix/store/0r6dfj6n0hj9lw6sqwgr961pgxr6qy6r-ruby-3.3.9-devdoc"
            }
          ],
          "store_path": "/nix/store/54iz5i3x0m6x3brr9dfy2pj92qfr2lkn-ruby-3.3.9"
        },
        "x86_64-linux": {
          "outputs": [
            {
              "name": "out",
              "path": "/nix/store/mp4rpz283gw3abvxyb4lbh4vp9pmayp2-ruby-3.3.9",
              "default": true
            },
            {
              "name": "devdoc",
              "path": "/nix/store/mhaqxxmavvvsy6p2vb1qi3s02z1d2315-ruby-3.3.9-devdoc"
            }
          ],
          "store_path": "/nix/store/mp4rpz283gw3abvxyb4lbh4vp9pmayp2-ruby-3.3.9"
        }
      }
    },
    "sqlite@latest": {
      "last_modified": "2025-09-21T09:21:16Z",
      "resolved": "github:NixOS/nixpkgs/a1f79a1770d05af18111fbbe2a3ab2c42c0f6cd0#sqlite",
      "source": "devbox-search",
      "version": "3.50.2",
      "systems": {
        "aarch64-darwin": {
          "outputs": [
            {
              "name": "bin",
              "path": "/nix/store/p0psb5n8drhajc6n4wnsrh2azd03jsqn-sqlite-3.50.2-bin",
              "default": true
            },
            {
              "name": "man",
              "path": "/nix/store/ibpff13m0z1p13c4ja4xy30y1s1cz62r-sqlite-3.50.2-man",
              "default": true
            },
            {
              "name": "dev",
              "path": "/nix/store/27nl2zmsbzgraliqqq17ni8fnmjywmwh-sqlite-3.50.2-dev"
            },
            {
              "name": "doc",
              "path": "/nix/store/5s3gy78khnksmsdhyydvb491hdbn6bpa-sqlite-3.50.2-doc"
            },
            {
              "name": "out",
              "path": "/nix/store/vrhjlpnqn999pk2j95pj9inzxk12dzxg-sqlite-3.50.2"
            }
          ],
          "store_path": "/nix/store/p0psb5n8drhajc6n4wnsrh2azd03jsqn-sqlite-3.50.2-bin"
        },
        "aarch64-linux": {
          "outputs": [
            {
              "name": "bin",
              "path": "/nix/store/yd01f2fjd6y2lpp8fl4hzfrnq06cfy2a-sqlite-3.50.2-bin",
              "default": true
            },
            {
              "name": "man",
              "path": "/nix/store/wprban33nylff5i6iqx77dfkbn4lvm9n-sqlite-3.50.2-man",
              "default": true
            },
            {
              "name": "debug",
              "path": "/nix/store/f9wgl8w9ii4xnmjwd2jd0j7s3i8i0pzs-sqlite-3.50.2-debug"
            },
            {
              "name": "dev",
              "path": "/nix/store/ji7px8qbhrhh605mvb7r4kjn1h7h7dg7-sqlite-3.50.2-dev"
            },
            {
              "name": "doc",
              "path": "/nix/store/wa1kpf071q5jzldwsr0rdzfayv8qgf9p-sqlite-3.50.2-doc"
            },
            {
              "name": "out",
              "path": "/nix/store/jfwxk186hyci41lsdqf8al9yan74fhbf-sqlite-3.50.2"
            }
          ],
          "store_path": "/nix/store/yd01f2fjd6y2lpp8fl4hzfrnq06cfy2a-sqlite-3.50.2-bin"
        },
        "x86_64-darwin": {
          "outputs": [
            {
              "name": "bin",
              "path": "/nix/store/1q2wqd0i9ilpi73vmbfiivf05dy52scd-sqlite-3.50.2-bin",
              "default": true
            },
            {
              "name": "man",
              "path": "/nix/store/609xfl1kjv0xfsyyasxbzf9z79b5q31n-sqlite-3.50.2-man",
              "default": true
            },
            {
              "name": "out",
              "path": "/nix/store/4p78h6p38kl2ll62b6yng6kayp4s9i4k-sqlite-3.50.2"
            },
            {
              "name": "dev",
              "path": "/nix/store/w3kr2anjs9sykivsyyn5r083y2k2z8x6-sqlite-3.50.2-dev"
            },
            {
              "name": "doc",
              "path": "/nix/store/3gmj7kj39n5k12k68rr1rpxibbj1jcng-sqlite-3.50.2-doc"
            }
          ],
          "store_path": "/nix/store/1q2wqd0i9ilpi73vmbfiivf05dy52scd-sqlite-3.50.2-bin"
        },
        "x86_64-linux": {
          "outputs": [
            {
              "name": "bin",
              "path": "/nix/store/gmwaym3dwkrb9987z8xg4njl2kmm2dvc-sqlite-3.50.2-bin",
              "default": true
            },
            {
              "name": "man",
              "path": "/nix/store/zz6jiqqcqd6pzv5hxnzsmkci0d29acpy-sqlite-3.50.2-man",
              "default": true
            },
            {
              "name": "dev",
              "path": "/nix/store/w3ibvzff0yrpg8abrl8n2fxn0d9fpfpc-sqlite-3.50.2-dev"
            },
            {
              "name": "doc",
              "path": "/nix/store/ikqa14lw7sky0vmjxi0h8sjngzd139pg-sqlite-3.50.2-doc"
            },
            {
              "name": "out",
              "path": "/nix/store/8bsyjdxv61ha88hjrpgl6nyfjxfqnphx-sqlite-3.50.2"
            },
            {
              "name": "debug",
              "path": "/nix/store/k3729psg2d70xv1ms96pg9xv6plmaxva-sqlite-3.50.2-debug"
            }
          ],
          "store_path": "/nix/store/gmwaym3dwkrb9987z8xg4njl2kmm2dvc-sqlite-3.50.2-bin"
        }
      }
    },
    "zlib@latest": {
      "last_modified": "2025-09-21T09:21:16Z",
      "resolved": "github:NixOS/nixpkgs/a1f79a1770d05af18111fbbe2a3ab2c42c0f6cd0#zlib",
      "source": "devbox-search",
      "version": "1.3.1",
      "systems": {
        "aarch64-darwin": {
          "outputs": [
            {
              "name": "out",
              "path": "/nix/store/nx8r6a40877h1dmb8cm7lhl1ch2yb4jc-zlib-1.3.1",
              "default": true
            },
            {
              "name": "static",
              "path": "/nix/store/ssal04ylnki5g0775jw9h42brpwn508d-zlib-1.3.1-static"
            },
            {
              "name": "dev",
              "path": "/nix/store/ypda0r27k1fg2zz7daqmhqgxdqff8jg4-zlib-1.3.1-dev"
            }
          ],
          "store_path": "/nix/store/nx8r6a40877h1dmb8cm7lhl1ch2yb4jc-zlib-1.3.1"
        },
        "aarch64-linux": {
          "outputs": [
            {
              "name": "out",
              "path": "/nix/store/7432dh2mawhlg0wxx59jihwcjhydl7ha-zlib-1.3.1",
              "default": true
            },
            {
              "name": "static",
              "path": "/nix/store/zj4qajgk3lws0z1p1i8x22hg12cv62mp-zlib-1.3.1-static"
            },
            {
              "name": "dev",
              "path": "/nix/store/vl8kxla6vhikq6fgn9j27sigyxcn5ii1-zlib-1.3.1-dev"
            }
          ],
          "store_path": "/nix/store/7432dh2mawhlg0wxx59jihwcjhydl7ha-zlib-1.3.1"
        },
        "x86_64-darwin": {
          "outputs": [
            {
              "name": "out",
              "path": "/nix/store/3rr56b63qirkys6dwf3izwf2nddyr27k-zlib-1.3.1",
              "default": true
            },
            {
              "name": "dev",
              "path": "/nix/store/clca6jv4l8qllq2q3qfz8ni59bkpp9hn-zlib-1.3.1-dev"
            },
            {
              "name": "static",
              "path": "/nix/store/5drsr5xb1ixvr9pcy6v3h5r0l26hfm7c-zlib-1.3.1-static"
            }
          ],
          "store_path": "/nix/store/3rr56b63qirkys6dwf3izwf2nddyr27k-zlib-1.3.1"
        },
        "x86_64-linux": {
          "outputs": [
            {
              "name": "out",
              "path": "/nix/store/09sifcahf0j1xnw80k9l33jzcs1p2qbw-zlib-1.3.1",
              "default": true
            },
            {
              "name": "dev",
              "path": "/nix/store/29mcvdnd9s6sp46cjmqm0pfg4xs56rik-zlib-1.3.1-dev"
            },
            {
              "name": "static",
              "path": "/nix/store/jv5dkmrvllhj92q4l03c9ka4y9cirkws-zlib-1.3.1-static"
            }
          ],
          "store_path": "/nix/store/09sifcahf0j1xnw80k9l33jzcs1p2qbw-zlib-1.3.1"
        }
      }
    }
  }
}
